{
  "object": {
    "pins": [
      {
        "package": "MqttCocoaAsyncSocket",
        "repositoryURL": "https://github.com/mahajansohan312/MqttCocoaAsyncSocket",
        "state": {
          "branch": null,
          "revision": "be644a9a81afbf002a3faae4e1abd9b79076dcef",
          "version": "1.0.10"
        }
      },
      {
        "package": "Starscream",
        "repositoryURL": "https://github.com/daltoniam/Starscream.git",
        "state": {
          "branch": null,
          "revision": "a063fda2b8145a231953c20e7a646be254365396",
          "version": "3.1.2"
        }
      }
    ]
  },
  "version": 1
}
