{
  "object": {
    "pins": [
      {
        "package": "MqttCocoaAsyncSocket",
        "repositoryURL": "https://github.com/mahajansohan312/MqttCocoaAsyncSocket",
        "state": {
          "branch": null,
          "revision": "7b8918fbae94325563dff6c3a08486d12ac94429",
          "version": "1.0.11"
        }
      },
      {
        "package": "Starscream",
        "repositoryURL": "https://github.com/daltoniam/Starscream.git",
        "state": {
          "branch": null,
          "revision": "a063fda2b8145a231953c20e7a646be254365396",
          "version": "3.1.2"
        }
      }
    ]
  },
  "version": 1
}
